
Microsoft Visual Studio Solution File, Format Version 12.00
# Visual Studio Version 16
VisualStudioVersion = 16.0.31313.79
MinimumVisualStudioVersion = 10.0.40219.1
Project("{2150E333-8FDC-42A3-9474-1A3956D46DE8}") = "Common", "Common", "{C5A715A1-C5E5-432A-8802-64F6491489E1}"
EndProject
Project("{2150E333-8FDC-42A3-9474-1A3956D46DE8}") = "UI", "UI", "{94399C53-BD18-4FB3-89FF-5EDC77D309EC}"
EndProject
Project("{2150E333-8FDC-42A3-9474-1A3956D46DE8}") = "Services", "Services", "{33BFAEC0-05DC-40C6-A581-90DB18737C98}"
EndProject
Project("{9A19103F-16F7-4668-BE54-9A1E7A4F7556}") = "WebStore.Domain", "Common\WebStore.Domain\WebStore.Domain.csproj", "{9BDB2208-C32D-4F92-9079-68D513470BC8}"
EndProject
Project("{9A19103F-16F7-4668-BE54-9A1E7A4F7556}") = "WebStore.DAL", "Services\WebStore.DAL\WebStore.DAL.csproj", "{2618A59C-1D83-49F8-B7B5-6921328444E5}"
EndProject
Project("{9A19103F-16F7-4668-BE54-9A1E7A4F7556}") = "WebStore.DAL.Sqlite", "Services\WebStore.DAL.Sqlite\WebStore.DAL.Sqlite.csproj", "{392A7193-0AFA-403A-A4B8-816C15148620}"
EndProject
Project("{9A19103F-16F7-4668-BE54-9A1E7A4F7556}") = "WebStore", "UI\WebStore\WebStore.csproj", "{FB534A09-EA06-439D-9C2F-201F02DBFD1F}"
EndProject
Project("{FAE04EC0-301F-11D3-BF4B-00C04F79EFBC}") = "WebSrore.Interfaces", "Services\WebSrore.Interfaces\WebSrore.Interfaces.csproj", "{CBA296ED-A180-4753-90A4-EA940C23BB7E}"
EndProject
Project("{FAE04EC0-301F-11D3-BF4B-00C04F79EFBC}") = "WebStore.Services", "Services\WebStore.Services\WebStore.Services.csproj", "{F4DBA87B-02DF-4B12-9F85-C10358224930}"
EndProject
Global
	GlobalSection(SolutionConfigurationPlatforms) = preSolution
		Debug|Any CPU = Debug|Any CPU
		Release|Any CPU = Release|Any CPU
	EndGlobalSection
	GlobalSection(ProjectConfigurationPlatforms) = postSolution
		{9BDB2208-C32D-4F92-9079-68D513470BC8}.Debug|Any CPU.ActiveCfg = Debug|Any CPU
		{9BDB2208-C32D-4F92-9079-68D513470BC8}.Debug|Any CPU.Build.0 = Debug|Any CPU
		{9BDB2208-C32D-4F92-9079-68D513470BC8}.Release|Any CPU.ActiveCfg = Release|Any CPU
		{9BDB2208-C32D-4F92-9079-68D513470BC8}.Release|Any CPU.Build.0 = Release|Any CPU
		{2618A59C-1D83-49F8-B7B5-6921328444E5}.Debug|Any CPU.ActiveCfg = Debug|Any CPU
		{2618A59C-1D83-49F8-B7B5-6921328444E5}.Debug|Any CPU.Build.0 = Debug|Any CPU
		{2618A59C-1D83-49F8-B7B5-6921328444E5}.Release|Any CPU.ActiveCfg = Release|Any CPU
		{2618A59C-1D83-49F8-B7B5-6921328444E5}.Release|Any CPU.Build.0 = Release|Any CPU
		{392A7193-0AFA-403A-A4B8-816C15148620}.Debug|Any CPU.ActiveCfg = Debug|Any CPU
		{392A7193-0AFA-403A-A4B8-816C15148620}.Debug|Any CPU.Build.0 = Debug|Any CPU
		{392A7193-0AFA-403A-A4B8-816C15148620}.Release|Any CPU.ActiveCfg = Release|Any CPU
		{392A7193-0AFA-403A-A4B8-816C15148620}.Release|Any CPU.Build.0 = Release|Any CPU
		{FB534A09-EA06-439D-9C2F-201F02DBFD1F}.Debug|Any CPU.ActiveCfg = Debug|Any CPU
		{FB534A09-EA06-439D-9C2F-201F02DBFD1F}.Debug|Any CPU.Build.0 = Debug|Any CPU
		{FB534A09-EA06-439D-9C2F-201F02DBFD1F}.Release|Any CPU.ActiveCfg = Release|Any CPU
		{FB534A09-EA06-439D-9C2F-201F02DBFD1F}.Release|Any CPU.Build.0 = Release|Any CPU
		{CBA296ED-A180-4753-90A4-EA940C23BB7E}.Debug|Any CPU.ActiveCfg = Debug|Any CPU
		{CBA296ED-A180-4753-90A4-EA940C23BB7E}.Debug|Any CPU.Build.0 = Debug|Any CPU
		{CBA296ED-A180-4753-90A4-EA940C23BB7E}.Release|Any CPU.ActiveCfg = Release|Any CPU
		{CBA296ED-A180-4753-90A4-EA940C23BB7E}.Release|Any CPU.Build.0 = Release|Any CPU
		{F4DBA87B-02DF-4B12-9F85-C10358224930}.Debug|Any CPU.ActiveCfg = Debug|Any CPU
		{F4DBA87B-02DF-4B12-9F85-C10358224930}.Debug|Any CPU.Build.0 = Debug|Any CPU
		{F4DBA87B-02DF-4B12-9F85-C10358224930}.Release|Any CPU.ActiveCfg = Release|Any CPU
		{F4DBA87B-02DF-4B12-9F85-C10358224930}.Release|Any CPU.Build.0 = Release|Any CPU
	EndGlobalSection
	GlobalSection(SolutionProperties) = preSolution
		HideSolutionNode = FALSE
	EndGlobalSection
	GlobalSection(NestedProjects) = preSolution
		{9BDB2208-C32D-4F92-9079-68D513470BC8} = {C5A715A1-C5E5-432A-8802-64F6491489E1}
		{2618A59C-1D83-49F8-B7B5-6921328444E5} = {33BFAEC0-05DC-40C6-A581-90DB18737C98}
		{392A7193-0AFA-403A-A4B8-816C15148620} = {33BFAEC0-05DC-40C6-A581-90DB18737C98}
		{FB534A09-EA06-439D-9C2F-201F02DBFD1F} = {94399C53-BD18-4FB3-89FF-5EDC77D309EC}
		{CBA296ED-A180-4753-90A4-EA940C23BB7E} = {33BFAEC0-05DC-40C6-A581-90DB18737C98}
		{F4DBA87B-02DF-4B12-9F85-C10358224930} = {33BFAEC0-05DC-40C6-A581-90DB18737C98}
	EndGlobalSection
	GlobalSection(ExtensibilityGlobals) = postSolution
		SolutionGuid = {67204925-A2C9-43DA-9C17-A384814486AC}
	EndGlobalSection
EndGlobal
